%{"dogma": {:hex, :dogma, "0.1.13", "7b6c6ad2b3ee6501eda3bd39e197dd5198be8d520d1c175c7f713803683cf27a", [:mix], [{:poison, ">= 2.0.0", [hex: :poison, optional: false]}]},
  "fs": {:hex, :fs, "0.9.2", "ed17036c26c3f70ac49781ed9220a50c36775c6ca2cf8182d123b6566e49ec59", [:rebar], []},
  "poison": {:hex, :poison, "3.0.0", "625ebd64d33ae2e65201c2c14d6c85c27cc8b68f2d0dd37828fde9c6920dd131", [:mix], []},
  "temporary_env": {:hex, :temporary_env, "1.0.1", "bdb05d9b6c7f782b16779988c83c3f1c2fb2540b902e5e1cf8afbfecbd8e801c", [:mix], []}}
